
Microsoft Visual Studio Solution File, Format Version 12.00
# Visual Studio Version 16
VisualStudioVersion = 16.0.810.7
MinimumVisualStudioVersion = 10.0.40219.1
Project("{FAE04EC0-301F-11D3-BF4B-00C04F79EFBC}") = "testPro", "testPro\testPro.csproj", "{F6CBB727-BD52-40DE-B0A9-D090C703CBA1}"
EndProject
Global
	GlobalSection(SolutionConfigurationPlatforms) = preSolution
		Debug|Any CPU = Debug|Any CPU
		Release|Any CPU = Release|Any CPU
	EndGlobalSection
	GlobalSection(ProjectConfigurationPlatforms) = postSolution
		{F6CBB727-BD52-40DE-B0A9-D090C703CBA1}.Debug|Any CPU.ActiveCfg = Debug|Any CPU
		{F6CBB727-BD52-40DE-B0A9-D090C703CBA1}.Debug|Any CPU.Build.0 = Debug|Any CPU
		{F6CBB727-BD52-40DE-B0A9-D090C703CBA1}.Release|Any CPU.ActiveCfg = Release|Any CPU
		{F6CBB727-BD52-40DE-B0A9-D090C703CBA1}.Release|Any CPU.Build.0 = Release|Any CPU
	EndGlobalSection
	GlobalSection(SolutionProperties) = preSolution
		HideSolutionNode = FALSE
	EndGlobalSection
	GlobalSection(ExtensibilityGlobals) = postSolution
		SolutionGuid = {CC4EF462-A0EF-4F7A-8B28-4D1A9051CBFB}
	EndGlobalSection
EndGlobal
